
Microsoft Visual Studio Solution File, Format Version 12.00
# Visual Studio Version 17
VisualStudioVersion = 17.5.002.0
MinimumVisualStudioVersion = 10.0.40219.1
Project("{9A19103F-16F7-4668-BE54-9A1E7A4F7556}") = "DesafioPOO", "DesafioPOO.csproj", "{651C6129-359E-43A8-BD18-3DD06971FEB9}"
EndProject
Global
	GlobalSection(SolutionConfigurationPlatforms) = preSolution
		Debug|Any CPU = Debug|Any CPU
		Release|Any CPU = Release|Any CPU
	EndGlobalSection
	GlobalSection(ProjectConfigurationPlatforms) = postSolution
		{651C6129-359E-43A8-BD18-3DD06971FEB9}.Debug|Any CPU.ActiveCfg = Debug|Any CPU
		{651C6129-359E-43A8-BD18-3DD06971FEB9}.Debug|Any CPU.Build.0 = Debug|Any CPU
		{651C6129-359E-43A8-BD18-3DD06971FEB9}.Release|Any CPU.ActiveCfg = Release|Any CPU
		{651C6129-359E-43A8-BD18-3DD06971FEB9}.Release|Any CPU.Build.0 = Release|Any CPU
	EndGlobalSection
	GlobalSection(SolutionProperties) = preSolution
		HideSolutionNode = FALSE
	EndGlobalSection
	GlobalSection(ExtensibilityGlobals) = postSolution
		SolutionGuid = {4F3BC56C-6BDA-4DCC-95B2-C7D5837975CD}
	EndGlobalSection
EndGlobal
